
Microsoft Visual Studio Solution File, Format Version 12.00
# Visual Studio Version 16
VisualStudioVersion = 16.0.29519.181
MinimumVisualStudioVersion = 10.0.40219.1
Project("{FAE04EC0-301F-11D3-BF4B-00C04F79EFBC}") = "Tema1", "Tema1\Tema1.csproj", "{802A3E6B-41C6-4383-8A26-06B719A2A05F}"
EndProject
Project("{FAE04EC0-301F-11D3-BF4B-00C04F79EFBC}") = "Tema1Tests", "Tema1Tests\Tema1Tests.csproj", "{6291BBE5-D588-44B4-8261-3110C16FE097}"
EndProject
Global
	GlobalSection(SolutionConfigurationPlatforms) = preSolution
		Debug|Any CPU = Debug|Any CPU
		Release|Any CPU = Release|Any CPU
	EndGlobalSection
	GlobalSection(ProjectConfigurationPlatforms) = postSolution
		{802A3E6B-41C6-4383-8A26-06B719A2A05F}.Debug|Any CPU.ActiveCfg = Debug|Any CPU
		{802A3E6B-41C6-4383-8A26-06B719A2A05F}.Debug|Any CPU.Build.0 = Debug|Any CPU
		{802A3E6B-41C6-4383-8A26-06B719A2A05F}.Release|Any CPU.ActiveCfg = Release|Any CPU
		{802A3E6B-41C6-4383-8A26-06B719A2A05F}.Release|Any CPU.Build.0 = Release|Any CPU
		{6291BBE5-D588-44B4-8261-3110C16FE097}.Debug|Any CPU.ActiveCfg = Debug|Any CPU
		{6291BBE5-D588-44B4-8261-3110C16FE097}.Debug|Any CPU.Build.0 = Debug|Any CPU
		{6291BBE5-D588-44B4-8261-3110C16FE097}.Release|Any CPU.ActiveCfg = Release|Any CPU
		{6291BBE5-D588-44B4-8261-3110C16FE097}.Release|Any CPU.Build.0 = Release|Any CPU
	EndGlobalSection
	GlobalSection(SolutionProperties) = preSolution
		HideSolutionNode = FALSE
	EndGlobalSection
	GlobalSection(ExtensibilityGlobals) = postSolution
		SolutionGuid = {AE959717-5D99-4872-B947-AC33499CCD5E}
	EndGlobalSection
EndGlobal
